{
    "hash": "3245bbf5ba31318056d655a82f975d61",
    "packages": [
        {
            "name": "adodb/adodb",
            "version": "5.18",
            "dist": {
                "type": "tar",
                "url": "http://downloads.sourceforge.net/project/adodb/adodb-php5-only/adodb-518-for-php5/adodb518a.tgz",
                "reference": null,
                "shasum": null
            },
            "type": "library"
        },
        {
            "name": "lphuberdeau/zendsearch",
            "version": "dev-master",
            "source": {
                "type": "git",
                "url": "https://github.com/lphuberdeau/ZendSearch",
                "reference": "01bf99c370987dcfff8ee43c5a4d7e33d326cf16"
            },
            "dist": {
                "type": "zip",
                "url": "https://api.github.com/repos/lphuberdeau/ZendSearch/zipball/01bf99c370987dcfff8ee43c5a4d7e33d326cf16",
                "reference": "01bf99c370987dcfff8ee43c5a4d7e33d326cf16",
                "shasum": ""
            },
            "require": {
                "php": ">=5.3.3"
            },
            "time": "2013-02-11 17:28:48",
            "type": "library",
            "autoload": {
                "psr-0": {
                    "ZendSearch": "library/"
                }
            },
            "license": [
                "BSD-3-Clause"
            ],
            "description": "a general purpose text search engine written entirely in PHP 5",
            "keywords": [
                "lucene",
                "zf2"
            ],
            "support": {
                "source": "https://github.com/lphuberdeau/ZendSearch/tree/master"
            }
        },
        {
            "name": "phpcas/phpcas",
            "version": "1.3.1",
            "dist": {
                "type": "tar",
                "url": "http://downloads.jasig.org/cas-clients/php/1.3.1/CAS-1.3.1.tgz",
                "reference": null,
                "shasum": null
            },
            "type": "library"
        },
        {
            "name": "phpseclib/phpseclib",
            "version": "0.3.1",
            "source": {
                "type": "git",
                "url": "https://github.com/phpseclib/phpseclib",
                "reference": "0.3.1"
            },
            "dist": {
                "type": "zip",
                "url": "https://github.com/phpseclib/phpseclib/archive/0.3.1.zip",
                "reference": "0.3.1",
                "shasum": ""
            },
            "require": {
                "php": ">=5.0.0"
            },
            "suggest": {
                "ext-gmp": "Install the GMP (GNU Multiple Precision) extension in order to speed up arbitrary precision integer arithmetic operations.",
                "ext-mcrypt": "Install the Mcrypt extension in order to speed up a wide variety of cryptographic operations.",
                "pear-pear/PHP_Compat": "Install PHP_Compat to get phpseclib working on PHP >= 4.3.3."
            },
            "time": "2012-11-20 03:10:22",
            "type": "library",
            "autoload": {
                "psr-0": {
                    "Crypt": "phpseclib/",
                    "File": "phpseclib/",
                    "Math": "phpseclib/",
                    "Net": "phpseclib/"
                }
            },
            "notification-url": "https://packagist.org/downloads/",
            "include-path": [
                "phpseclib/"
            ],
            "license": [
                "MIT"
            ],
            "authors": [
                {
                    "name": "Jim Wigginton",
                    "email": "terrafrost@php.net",
                    "role": "Developer"
                }
            ],
            "description": "PHP Secure Communications Library - Pure-PHP implementations of RSA, AES, SSH2, SFTP, X.509 etc.",
            "homepage": "http://phpseclib.sourceforge.net",
            "keywords": [
                "BigInteger",
                "aes",
                "asn.1",
                "asn1",
                "crypto",
                "cryptography",
                "encryption",
                "rsa",
                "security",
                "sftp",
                "signature",
                "signing",
                "ssh",
                "x.509",
                "x509"
            ]
        },
        {
            "name": "smarty/smarty",
            "version": "v3.1.13",
            "source": {
                "type": "svn",
                "url": "http://smarty-php.googlecode.com/svn",
                "reference": "/tags/v3.1.13/@4699"
            },
            "require": {
                "php": ">=5.2"
            },
            "time": "2013-01-26 12:03:52",
            "type": "library",
            "autoload": {
                "classmap": [
                    "distribution/libs/Smarty.class.php",
                    "distribution/libs/SmartyBC.class.php"
                ]
            },
            "notification-url": "https://packagist.org/downloads/",
            "license": [
                "LGPL-3.0"
            ],
            "authors": [
                {
                    "name": "Monte Ohrt",
                    "email": "monte@ohrt.com"
                },
                {
                    "name": "Uwe Tews",
                    "email": "uwe.tews@googlemail.com"
                },
                {
                    "name": "Rodney Rehm",
                    "email": "rodney.rehm@medialize.de"
                }
            ],
            "description": "Smarty - the compiling PHP template engine",
            "homepage": "http://www.smarty.net",
            "keywords": [
                "templating"
            ]
        },
        {
            "name": "zendframework/zend-filter",
            "version": "2.0.7",
            "target-dir": "Zend/Filter",
            "source": {
                "type": "git",
                "url": "https://github.com/zendframework/Component_ZendFilter.git",
                "reference": "release-2.0.7"
            },
            "dist": {
                "type": "zip",
                "url": "https://api.github.com/repos/zendframework/Component_ZendFilter/zipball/release-2.0.7",
                "reference": "release-2.0.7",
                "shasum": ""
            },
            "require": {
                "php": ">=5.3.3",
                "zendframework/zend-stdlib": "self.version"
            },
            "require-dev": {
                "zendframework/zend-crypt": "self.version"
            },
            "suggest": {
                "zendframework/zend-crypt": "Zend\\Crypt component",
                "zendframework/zend-i18n": "Zend\\I18n component",
                "zendframework/zend-validator": "Zend\\Validator component"
            },
            "time": "2013-01-25 16:31:35",
            "type": "library",
            "autoload": {
                "psr-0": {
                    "Zend\\Filter\\": ""
                }
            },
            "notification-url": "https://packagist.org/downloads/",
            "license": [
                "BSD-3-Clause"
            ],
            "description": "provides a set of commonly needed data filters",
            "keywords": [
                "filter",
                "zf2"
            ]
        },
        {
            "name": "zendframework/zend-i18n",
            "version": "2.0.7",
            "target-dir": "Zend/I18n",
            "source": {
                "type": "git",
                "url": "https://github.com/zendframework/Component_ZendI18n.git",
                "reference": "release-2.0.7"
            },
            "dist": {
                "type": "zip",
                "url": "https://api.github.com/repos/zendframework/Component_ZendI18n/zipball/release-2.0.7",
                "reference": "release-2.0.7",
                "shasum": ""
            },
            "require": {
                "ext-intl": "*",
                "php": ">=5.3.3",
                "zendframework/zend-filter": "self.version",
                "zendframework/zend-stdlib": "self.version"
            },
            "time": "2013-01-22 20:50:52",
            "type": "library",
            "autoload": {
                "psr-0": {
                    "Zend\\I18n\\": ""
                }
            },
            "notification-url": "https://packagist.org/downloads/",
            "license": [
                "BSD-3-Clause"
            ],
            "keywords": [
                "i18n",
                "zf2"
            ]
        },
        {
            "name": "zendframework/zend-loader",
            "version": "2.0.7",
            "target-dir": "Zend/Loader",
            "source": {
                "type": "git",
                "url": "https://github.com/zendframework/Component_ZendLoader.git",
                "reference": "release-2.0.7"
            },
            "dist": {
                "type": "zip",
                "url": "https://api.github.com/repos/zendframework/Component_ZendLoader/zipball/release-2.0.7",
                "reference": "release-2.0.7",
                "shasum": ""
            },
            "require": {
                "php": ">=5.3.3"
            },
            "suggest": {
                "zendframework/zend-stdlib": "Zend\\Stdlib component"
            },
            "time": "2013-01-22 20:50:52",
            "type": "library",
            "autoload": {
                "psr-0": {
                    "Zend\\Loader\\": ""
                }
            },
            "notification-url": "https://packagist.org/downloads/",
            "license": [
                "BSD-3-Clause"
            ],
            "keywords": [
                "loader",
                "zf2"
            ]
        },
        {
            "name": "zendframework/zend-mail",
            "version": "2.0.7",
            "target-dir": "Zend/Mail",
            "source": {
                "type": "git",
                "url": "https://github.com/zendframework/Component_ZendMail.git",
                "reference": "release-2.0.7"
            },
            "dist": {
                "type": "zip",
                "url": "https://api.github.com/repos/zendframework/Component_ZendMail/zipball/release-2.0.7",
                "reference": "release-2.0.7",
                "shasum": ""
            },
            "require": {
                "php": ">=5.3.3",
                "zendframework/zend-loader": "self.version",
                "zendframework/zend-mime": "self.version",
                "zendframework/zend-stdlib": "self.version"
            },
            "suggest": {
                "zendframework/zend-servicemanager": "Zend\\ServiceManager component",
                "zendframework/zend-validator": "Zend\\Validator component"
            },
            "time": "2013-01-27 09:20:56",
            "type": "library",
            "autoload": {
                "psr-0": {
                    "Zend\\Mail\\": ""
                }
            },
            "notification-url": "https://packagist.org/downloads/",
            "license": [
                "BSD-3-Clause"
            ],
            "description": "provides generalized functionality to compose and send both text and MIME-compliant multipart e-mail messages",
            "keywords": [
                "mail",
                "zf2"
            ]
        },
        {
            "name": "zendframework/zend-mime",
            "version": "2.0.7",
            "target-dir": "Zend/Mime",
            "source": {
                "type": "git",
                "url": "https://github.com/zendframework/Component_ZendMime.git",
                "reference": "release-2.0.7"
            },
            "dist": {
                "type": "zip",
                "url": "https://api.github.com/repos/zendframework/Component_ZendMime/zipball/release-2.0.7",
                "reference": "release-2.0.7",
                "shasum": ""
            },
            "require": {
                "php": ">=5.3.3",
                "zendframework/zend-stdlib": "self.version"
            },
            "time": "2013-01-07 17:45:37",
            "type": "library",
            "autoload": {
                "psr-0": {
                    "Zend\\Mime\\": ""
                }
            },
            "notification-url": "https://packagist.org/downloads/",
            "license": [
                "BSD-3-Clause"
            ],
            "keywords": [
                "mime",
                "zf2"
            ]
        },
        {
            "name": "zendframework/zend-servicemanager",
            "version": "2.0.7",
            "target-dir": "Zend/ServiceManager",
            "source": {
                "type": "git",
                "url": "https://github.com/zendframework/Component_ZendServiceManager.git",
                "reference": "release-2.0.7"
            },
            "dist": {
                "type": "zip",
                "url": "https://api.github.com/repos/zendframework/Component_ZendServiceManager/zipball/release-2.0.7",
                "reference": "release-2.0.7",
                "shasum": ""
            },
            "require": {
                "php": ">=5.3.3"
            },
            "suggest": {
                "zendframework/zend-di": "Zend\\Di component"
            },
            "time": "2013-01-29 20:11:45",
            "type": "library",
            "autoload": {
                "psr-0": {
                    "Zend\\ServiceManager\\": ""
                }
            },
            "notification-url": "https://packagist.org/downloads/",
            "license": [
                "BSD-3-Clause"
            ],
            "keywords": [
                "servicemanager",
                "zf2"
            ]
        },
        {
            "name": "zendframework/zend-stdlib",
            "version": "2.0.7",
            "target-dir": "Zend/Stdlib",
            "source": {
                "type": "git",
                "url": "https://github.com/zendframework/Component_ZendStdlib.git",
                "reference": "release-2.0.7"
            },
            "dist": {
                "type": "zip",
                "url": "https://api.github.com/repos/zendframework/Component_ZendStdlib/zipball/release-2.0.7",
                "reference": "release-2.0.7",
                "shasum": ""
            },
            "require": {
                "php": ">=5.3.3"
            },
            "suggest": {
                "pecl-weakref": "Implementation of weak references for Stdlib\\CallbackHandler"
            },
            "time": "2013-01-22 20:50:52",
            "type": "library",
            "autoload": {
                "psr-0": {
                    "Zend\\Stdlib\\": ""
                }
            },
            "notification-url": "https://packagist.org/downloads/",
            "license": [
                "BSD-3-Clause"
            ],
            "keywords": [
                "stdlib",
                "zf2"
            ]
        },
        {
            "name": "zendframework/zend-validator",
            "version": "2.0.7",
            "target-dir": "Zend/Validator",
            "source": {
                "type": "git",
                "url": "https://github.com/zendframework/Component_ZendValidator.git",
                "reference": "release-2.0.7"
            },
            "dist": {
                "type": "zip",
                "url": "https://api.github.com/repos/zendframework/Component_ZendValidator/zipball/release-2.0.7",
                "reference": "release-2.0.7",
                "shasum": ""
            },
            "require": {
                "php": ">=5.3.3",
                "zendframework/zend-i18n": "self.version",
                "zendframework/zend-servicemanager": "self.version",
                "zendframework/zend-stdlib": "self.version"
            },
            "require-dev": {
                "zendframework/zend-math": "self.version"
            },
            "suggest": {
                "zendframework/zend-db": "Zend\\Db component",
                "zendframework/zend-math": "Zend\\Math component"
            },
            "time": "2013-01-25 16:14:33",
            "type": "library",
            "autoload": {
                "psr-0": {
                    "Zend\\Validator\\": ""
                }
            },
            "notification-url": "https://packagist.org/downloads/",
            "license": [
                "BSD-3-Clause"
            ],
            "description": "provides a set of commonly needed validators",
            "keywords": [
                "validator",
                "zf2"
            ]
        },
        {
            "name": "zendframework/zendframework1",
            "version": "1.12.1",
            "source": {
                "type": "svn",
                "url": "http://framework.zend.com/svn/framework/standard",
                "reference": "/tags/release-1.12.1/@25165"
            },
            "require": {
                "php": ">=5.2.11"
            },
            "time": "2012-12-18 17:24:42",
            "type": "library",
            "extra": {
                "branch-alias": {
                    "dev-trunk": "1.12.x-dev",
                    "dev-release-1.0": "1.0.x-dev",
                    "dev-release-1.5": "1.5.x-dev",
                    "dev-release-1.6": "1.6.x-dev",
                    "dev-release-1.7": "1.7.x-dev",
                    "dev-release-1.8": "1.8.x-dev",
                    "dev-release-1.9": "1.9.x-dev",
                    "dev-release-1.10": "1.10.x-dev",
                    "dev-release-1.11": "1.11.x-dev"
                }
            },
            "autoload": {
                "psr-0": {
                    "Zend": "library/"
                }
            },
            "notification-url": "https://packagist.org/downloads/",
            "include-path": [
                "library/"
            ],
            "license": [
                "BSD-3-Clause"
            ],
            "description": "Zend Framework 1",
            "homepage": "http://framework.zend.com/",
            "keywords": [
                "ZF1",
                "framework"
            ]
        },
        {
            "name": "zetacomponents/base",
            "version": "1.8",
            "source": {
                "type": "git",
                "url": "https://github.com/zetacomponents/Base.git",
                "reference": "1.8"
            },
            "dist": {
                "type": "zip",
                "url": "https://github.com/zetacomponents/Base/zipball/1.8",
                "reference": "1.8",
                "shasum": ""
            },
            "time": "2009-12-21 04:14:16",
            "type": "library",
            "autoload": {
                "classmap": [
                    "src"
                ]
            },
            "notification-url": "https://packagist.org/downloads/",
            "license": [
                "apache2"
            ],
            "authors": [
                {
                    "name": "Sergey Alexeev"
                },
                {
                    "name": "Sebastian Bergmann"
                },
                {
                    "name": "Jan Borsodi"
                },
                {
                    "name": "Raymond Bosman"
                },
                {
                    "name": "Frederik Holljen"
                },
                {
                    "name": "Kore Nordmann"
                },
                {
                    "name": "Derick Rethans"
                },
                {
                    "name": "Vadym Savchuk"
                },
                {
                    "name": "Tobias Schlitt"
                },
                {
                    "name": "Alexandru Stanoi"
                }
            ],
            "description": "The Base package provides the basic infrastructure that all packages rely on. Therefore every component relies on this package.",
            "homepage": "https://github.com/zetacomponents"
        },
        {
            "name": "zetacomponents/webdav",
            "version": "1.1.3",
            "source": {
                "type": "git",
                "url": "https://github.com/zetacomponents/Webdav.git",
                "reference": "1.1.3"
            },
            "dist": {
                "type": "zip",
                "url": "https://github.com/zetacomponents/Webdav/zipball/1.1.3",
                "reference": "1.1.3",
                "shasum": ""
            },
            "time": "2009-11-09 05:34:07",
            "type": "library",
            "autoload": {
                "classmap": [
                    "src"
                ]
            },
            "notification-url": "https://packagist.org/downloads/",
            "license": [
                "apache2"
            ],
            "authors": [
                {
                    "name": "Sergey Alexeev"
                },
                {
                    "name": "Sebastian Bergmann"
                },
                {
                    "name": "Jan Borsodi"
                },
                {
                    "name": "Raymond Bosman"
                },
                {
                    "name": "Frederik Holljen"
                },
                {
                    "name": "Kore Nordmann"
                },
                {
                    "name": "Derick Rethans"
                },
                {
                    "name": "Vadym Savchuk"
                },
                {
                    "name": "Tobias Schlitt"
                },
                {
                    "name": "Alexandru Stanoi"
                }
            ],
            "description": "This component allows you to set up and run your own WebDAV (RFC 2518) server, to enable online content editing for the users of your system through the WebDAV HTTP extension.",
            "homepage": "https://github.com/zetacomponents"
        }
    ],
    "packages-dev": null,
    "aliases": [

    ],
    "minimum-stability": "stable",
    "stability-flags": {
        "lphuberdeau/zendsearch": 20
    }
}
