{
    "_readme": [
        "This file locks the dependencies of your project to a known state",
        "Read more about it at http://getcomposer.org/doc/01-basic-usage.md#composer-lock-the-lock-file"
    ],
    "hash": "ee7b59b24d90beb3f1b047f37f263a96",
    "packages": [
        {
            "name": "aFarkas/html5shiv",
            "version": "3.6.2",
            "dist": {
                "type": "zip",
                "url": "https://github.com/aFarkas/html5shiv/archive/3.6.2.zip",
                "reference": null,
                "shasum": null
            },
            "type": "library"
        },
        {
            "name": "adodb/adodb",
            "version": "5.18",
            "dist": {
                "type": "tar",
                "url": "http://downloads.sourceforge.net/project/adodb/adodb-php5-only/adodb-518-for-php5/adodb518a.tgz",
                "reference": null,
                "shasum": null
            },
            "type": "library"
        },
        {
            "name": "bombayworks/zendframework1",
            "version": "v1.12.3",
            "source": {
                "type": "git",
                "url": "https://github.com/bombayworks/zendframework1.git",
                "reference": "v1.12.3"
            },
            "dist": {
                "type": "zip",
                "url": "https://api.github.com/repos/bombayworks/zendframework1/zipball/v1.12.3",
                "reference": "v1.12.3",
                "shasum": ""
            },
            "require": {
                "php": ">=5.2.11"
            },
            "bin": [
                "bin/zf.sh",
                "bin/zf.php"
            ],
            "type": "library",
            "extra": {
                "branch-alias": {
                    "dev-trunk": "1.12.x-dev",
                    "dev-release-1.0": "1.0.x-dev",
                    "dev-release-1.5": "1.5.x-dev",
                    "dev-release-1.6": "1.6.x-dev",
                    "dev-release-1.7": "1.7.x-dev",
                    "dev-release-1.8": "1.8.x-dev",
                    "dev-release-1.9": "1.9.x-dev",
                    "dev-release-1.10": "1.10.x-dev",
                    "dev-release-1.11": "1.11.x-dev"
                }
            },
            "autoload": {
                "psr-0": {
                    "Zend_": "library/",
                    "ZendX_": "extras/library/"
                }
            },
            "notification-url": "http://packagist.org/downloads/",
            "include-path": [
                "library/",
                "extras/library/"
            ],
            "license": [
                "BSD-3-Clause"
            ],
            "description": "Zend Framework 1",
            "homepage": "http://framework.zend.com/",
            "keywords": [
                "ZF1",
                "framework"
            ],
            "time": "2013-03-13 17:09:28"
        },
        {
            "name": "ckeditor/ckeditor",
            "version": "4.1",
            "dist": {
                "type": "zip",
                "url": "https://github.com/ckeditor/ckeditor-releases/archive/4.1.x/full.zip",
                "reference": null,
                "shasum": null
            },
            "type": "library"
        },
        {
            "name": "ckeditor/ckeditor/skins/kama",
            "version": "4.1",
            "dist": {
                "type": "zip",
                "url": "http://download.ckeditor.com/kama/releases/kama_4.1.zip",
                "reference": null,
                "shasum": null
            },
            "type": "library"
        },
        {
            "name": "codemirror/codemirror",
            "version": "2.25",
            "dist": {
                "type": "zip",
                "url": "http://codemirror.net/codemirror-2.25.zip",
                "reference": null,
                "shasum": null
            },
            "type": "library"
        },
        {
            "name": "ezyang/htmlpurifier",
            "version": "v4.5.0",
            "source": {
                "type": "git",
                "url": "https://github.com/ezyang/htmlpurifier.git",
                "reference": "v4.5.0"
            },
            "dist": {
                "type": "zip",
                "url": "https://api.github.com/repos/ezyang/htmlpurifier/zipball/v4.5.0",
                "reference": "v4.5.0",
                "shasum": ""
            },
            "require": {
                "php": ">=5.2"
            },
            "type": "library",
            "autoload": {
                "psr-0": {
                    "HTMLPurifier": "library/"
                },
                "files": [
                    "library/HTMLPurifier.composer.php"
                ]
            },
            "notification-url": "http://packagist.org/downloads/",
            "license": [
                "LGPL"
            ],
            "authors": [
                {
                    "name": "Edward Z. Yang",
                    "email": "admin@htmlpurifier.org",
                    "homepage": "http://ezyang.com"
                }
            ],
            "description": "Standards compliant HTML filter written in PHP",
            "homepage": "http://htmlpurifier.org/",
            "keywords": [
                "html"
            ],
            "time": "2013-02-18 00:04:08"
        },
        {
            "name": "jarnokurlin/fullcalendar",
            "version": "1.5.2",
            "dist": {
                "type": "zip",
                "url": "http://tux.fi/~jarnok/fullcalendar-resourceviews/fullcalendar-resourceviews-1.5.3.4.zip",
                "reference": null,
                "shasum": null
            },
            "type": "library"
        },
        {
            "name": "jcapture-applet/jcapture-applet",
            "version": "dev-trunk",
            "source": {
                "type": "svn",
                "url": "http://svn.code.sf.net/p/jcapture-applet/code",
                "reference": "/trunk/@46"
            },
            "type": "library",
            "license": [
                "LGPL"
            ],
            "authors": [
                {
                    "name": "Pavel Vlasov",
                    "homepage": "http://www.hammurapi.com/"
                },
                {
                    "name": "Jonny Bradley",
                    "homepage": "http://tiki.org/UserPageJonnyBradley"
                },
                {
                    "name": "Marc Laporte",
                    "homepage": "http://marclaporte.com"
                }
            ],
            "description": "jCapture is an applet to capture screenshots or record audio/screen",
            "homepage": "http://sourceforge.net/p/jcapture-applet/",
            "keywords": [
                "applet",
                "java",
                "screencapture",
                "screenshot"
            ],
            "time": "2013-04-17 19:48:36"
        },
        {
            "name": "jquery/jquery-mobile",
            "version": "1.3.1",
            "dist": {
                "type": "zip",
                "url": "http://code.jquery.com/mobile/1.3.1/jquery.mobile-1.3.1.zip",
                "reference": null,
                "shasum": null
            },
            "type": "library"
        },
        {
            "name": "jquery/jquery-s5",
            "version": "dev-trunk",
            "source": {
                "type": "svn",
                "url": "http://jquerys5.googlecode.com/svn",
                "reference": "/trunk/@65"
            },
            "type": "library",
            "license": [
                "LGPL"
            ],
            "authors": [
                {
                    "name": "Robert Plummer",
                    "homepage": "http://visop-dev.com/"
                },
                {
                    "name": "Marc Laporte",
                    "homepage": "http://marclaporte.com"
                }
            ],
            "description": "jQuery's s5 implementation. Used to create sideshows in web browsers",
            "homepage": "http://code.google.com/p/jquerys5/",
            "keywords": [
                "javascript",
                "s5",
                "slideshow"
            ],
            "time": "2013-04-18 13:40:40"
        },
        {
            "name": "jquery/jquery-sheet",
            "version": "2.0.1",
            "dist": {
                "type": "zip",
                "url": "http://jquerysheet.googlecode.com/files/jquery.sheet-2.0.1.zip",
                "reference": null,
                "shasum": null
            },
            "type": "library"
        },
        {
            "name": "jquery/jquery-timepicker-addon",
            "version": "1.2.2",
            "dist": {
                "type": "zip",
                "url": "https://github.com/trentrichardson/jQuery-Timepicker-Addon/archive/v1.2.2.zip",
                "reference": null,
                "shasum": null
            },
            "type": "library"
        },
        {
            "name": "jquery/jquery-ui",
            "version": "1.10.2",
            "dist": {
                "type": "zip",
                "url": "http://jqueryui.com/resources/download/jquery-ui-1.10.2.zip",
                "reference": null,
                "shasum": null
            },
            "type": "library"
        },
        {
            "name": "jquery/jquery-ui-selectmenu",
            "version": "1.3.999",
            "dist": {
                "type": "zip",
                "url": "https://github.com/fnagel/jquery-ui/archive/selectmenu.zip",
                "reference": null,
                "shasum": null
            },
            "type": "library"
        },
        {
            "name": "jquery/jquery-ui-themes",
            "version": "1.10.2",
            "dist": {
                "type": "zip",
                "url": "http://jqueryui.com/resources/download/jquery-ui-themes-1.10.2.zip",
                "reference": null,
                "shasum": null
            },
            "type": "library"
        },
        {
            "name": "jquery/jtrack",
            "version": "1.0",
            "dist": {
                "type": "zip",
                "url": "http://jtrack.googlecode.com/files/jtrack-1.0.zip",
                "reference": null,
                "shasum": null
            },
            "type": "library"
        },
        {
            "name": "jquery/minicart",
            "version": "2.6",
            "dist": {
                "type": "zip",
                "url": "https://github.com/jeffharrell/MiniCart/archive/2.6.zip",
                "reference": null,
                "shasum": null
            },
            "type": "library"
        },
        {
            "name": "jquery/photoswipe",
            "version": "3.0.5",
            "dist": {
                "type": "zip",
                "url": "http://github.com/downloads/codecomputerlove/PhotoSwipe/code.photoswipe-3.0.5.zip",
                "reference": null,
                "shasum": null
            },
            "type": "library"
        },
        {
            "name": "jquery/plugins/anythingslider",
            "version": "1.8.18",
            "dist": {
                "type": "zip",
                "url": "https://github.com/CSS-Tricks/AnythingSlider/archive/v1.8.18.zip",
                "reference": null,
                "shasum": null
            },
            "type": "library"
        },
        {
            "name": "jquery/plugins/async",
            "version": "1.0",
            "dist": {
                "type": "file",
                "url": "http://mess.genezys.net/jquery/jquery.async.js",
                "reference": null,
                "shasum": null
            },
            "type": "library"
        },
        {
            "name": "jquery/plugins/brosho",
            "version": "0.1",
            "dist": {
                "type": "zip",
                "url": "https://github.com/downloads/mustardamus/brosho-plugin/brosho-0.1.zip",
                "reference": null,
                "shasum": null
            },
            "type": "library"
        },
        {
            "name": "jquery/plugins/cluetip",
            "version": "1.2.8",
            "dist": {
                "type": "zip",
                "url": "https://github.com/kswedberg/jquery-cluetip/archive/1.2.8.zip",
                "reference": null,
                "shasum": null
            },
            "type": "library"
        },
        {
            "name": "jquery/plugins/colorbox",
            "version": "1.4.14",
            "dist": {
                "type": "zip",
                "url": "https://github.com/jackmoore/colorbox/archive/1.4.14.zip",
                "reference": null,
                "shasum": null
            },
            "type": "library"
        },
        {
            "name": "jquery/plugins/colorpicker",
            "version": "0.5",
            "dist": {
                "type": "zip",
                "url": "http://www.eyecon.ro/colorpicker/colorpicker.zip",
                "reference": null,
                "shasum": null
            },
            "type": "library"
        },
        {
            "name": "jquery/plugins/form",
            "version": "3.25.0",
            "dist": {
                "type": "zip",
                "url": "https://github.com/malsup/form/archive/3.25.0-2013.01.18.zip",
                "reference": null,
                "shasum": null
            },
            "type": "library"
        },
        {
            "name": "jquery/plugins/galleriffic",
            "version": "2.0.1",
            "dist": {
                "type": "zip",
                "url": "http://www.twospy.com/galleriffic/galleriffic-2.0.zip",
                "reference": null,
                "shasum": null
            },
            "type": "library"
        },
        {
            "name": "jquery/plugins/infinitecarousel",
            "version": "3.0.3",
            "dist": {
                "type": "zip",
                "url": "http://www.catchmyfame.com/jquery/jquery.infinitecarousel3.zip",
                "reference": null,
                "shasum": null
            },
            "type": "library"
        },
        {
            "name": "jquery/plugins/jquery-json",
            "version": "2.4",
            "dist": {
                "type": "file",
                "url": "http://jquery-json.googlecode.com/files/jquery.json-2.4.js",
                "reference": null,
                "shasum": null
            },
            "type": "library"
        },
        {
            "name": "jquery/plugins/jquery-validation",
            "version": "1.11.1",
            "dist": {
                "type": "zip",
                "url": "http://jquery.bassistance.de/validate/jquery-validation-1.11.1.zip",
                "reference": null,
                "shasum": null
            },
            "type": "library"
        },
        {
            "name": "jquery/plugins/reflection-jquery",
            "version": "1.1",
            "dist": {
                "type": "zip",
                "url": "http://www.digitalia.be/file_download/14/reflection-jquery.zip",
                "reference": null,
                "shasum": null
            },
            "type": "library"
        },
        {
            "name": "jquery/plugins/superfish",
            "version": "1.7.2",
            "dist": {
                "type": "zip",
                "url": "https://github.com/joeldbirch/superfish/archive/1.7.2.zip",
                "reference": null,
                "shasum": null
            },
            "type": "library"
        },
        {
            "name": "jquery/plugins/tablesorter",
            "version": "2.9.1",
            "dist": {
                "type": "zip",
                "url": "https://github.com/Mottie/tablesorter/archive/v2.9.1.zip",
                "reference": null,
                "shasum": null
            },
            "type": "library"
        },
        {
            "name": "jquery/plugins/treetable",
            "version": "3.0.1",
            "dist": {
                "type": "zip",
                "url": "https://github.com/ludo/jquery-treetable/archive/3.0.1.zip",
                "reference": null,
                "shasum": null
            },
            "type": "library"
        },
        {
            "name": "phpcas/phpcas",
            "version": "1.3.2",
            "dist": {
                "type": "tar",
                "url": "http://downloads.jasig.org/cas-clients/php/1.3.2/CAS-1.3.2.tgz",
                "reference": null,
                "shasum": null
            },
            "type": "library"
        },
        {
            "name": "phpseclib/phpseclib",
            "version": "0.3.1",
            "source": {
                "type": "git",
                "url": "https://github.com/phpseclib/phpseclib",
                "reference": "0.3.1"
            },
            "dist": {
                "type": "zip",
                "url": "https://github.com/phpseclib/phpseclib/archive/0.3.1.zip",
                "reference": "0.3.1",
                "shasum": ""
            },
            "require": {
                "php": ">=5.0.0"
            },
            "suggest": {
                "ext-gmp": "Install the GMP (GNU Multiple Precision) extension in order to speed up arbitrary precision integer arithmetic operations.",
                "ext-mcrypt": "Install the Mcrypt extension in order to speed up a wide variety of cryptographic operations.",
                "pear-pear/PHP_Compat": "Install PHP_Compat to get phpseclib working on PHP >= 4.3.3."
            },
            "type": "library",
            "autoload": {
                "psr-0": {
                    "Crypt": "phpseclib/",
                    "File": "phpseclib/",
                    "Math": "phpseclib/",
                    "Net": "phpseclib/"
                }
            },
            "notification-url": "https://packagist.org/downloads/",
            "include-path": [
                "phpseclib/"
            ],
            "license": [
                "MIT"
            ],
            "authors": [
                {
                    "name": "Jim Wigginton",
                    "email": "terrafrost@php.net",
                    "role": "Developer"
                }
            ],
            "description": "PHP Secure Communications Library - Pure-PHP implementations of RSA, AES, SSH2, SFTP, X.509 etc.",
            "homepage": "http://phpseclib.sourceforge.net",
            "keywords": [
                "BigInteger",
                "aes",
                "asn.1",
                "asn1",
                "crypto",
                "cryptography",
                "encryption",
                "rsa",
                "security",
                "sftp",
                "signature",
                "signing",
                "ssh",
                "x.509",
                "x509"
            ],
            "time": "2012-11-20 03:10:22"
        },
        {
            "name": "rangy/rangy",
            "version": "1.2.3",
            "dist": {
                "type": "tar",
                "url": "http://rangy.googlecode.com/files/rangy-1.2.3.tar.gz",
                "reference": null,
                "shasum": null
            },
            "type": "library"
        },
        {
            "name": "simile_timeline/simile_timeline",
            "version": "2.3.0",
            "dist": {
                "type": "zip",
                "url": "http://simile-widgets.googlecode.com/files/timeline_libraries_v2.3.0.zip",
                "reference": null,
                "shasum": null
            },
            "type": "library"
        },
        {
            "name": "smarty/smarty",
            "version": "v3.1.13",
            "source": {
                "type": "svn",
                "url": "http://smarty-php.googlecode.com/svn",
                "reference": "/tags/v3.1.13/@4699"
            },
            "require": {
                "php": ">=5.2"
            },
            "type": "library",
            "autoload": {
                "classmap": [
                    "distribution/libs/Smarty.class.php",
                    "distribution/libs/SmartyBC.class.php"
                ]
            },
            "notification-url": "https://packagist.org/downloads/",
            "license": [
                "LGPL-3.0"
            ],
            "authors": [
                {
                    "name": "Monte Ohrt",
                    "email": "monte@ohrt.com"
                },
                {
                    "name": "Uwe Tews",
                    "email": "uwe.tews@googlemail.com"
                },
                {
                    "name": "Rodney Rehm",
                    "email": "rodney.rehm@medialize.de"
                }
            ],
            "description": "Smarty - the compiling PHP template engine",
            "homepage": "http://www.smarty.net",
            "keywords": [
                "templating"
            ],
            "time": "2013-01-26 12:03:52"
        },
        {
            "name": "svg-edit/svg-edit",
            "version": "2.6",
            "dist": {
                "type": "zip",
                "url": "http://svg-edit.googlecode.com/files/svg-edit-2.6.zip",
                "reference": null,
                "shasum": null
            },
            "type": "library"
        },
        {
            "name": "symfony/console",
            "version": "v2.2.0",
            "target-dir": "Symfony/Component/Console",
            "source": {
                "type": "git",
                "url": "https://github.com/symfony/Console.git",
                "reference": "v2.2.0"
            },
            "dist": {
                "type": "zip",
                "url": "https://api.github.com/repos/symfony/Console/zipball/v2.2.0",
                "reference": "v2.2.0",
                "shasum": ""
            },
            "require": {
                "php": ">=5.3.3"
            },
            "type": "library",
            "extra": {
                "branch-alias": {
                    "dev-master": "2.2-dev"
                }
            },
            "autoload": {
                "psr-0": {
                    "Symfony\\Component\\Console\\": ""
                }
            },
            "notification-url": "http://packagist.org/downloads/",
            "license": [
                "MIT"
            ],
            "authors": [
                {
                    "name": "Fabien Potencier",
                    "email": "fabien@symfony.com"
                },
                {
                    "name": "Symfony Community",
                    "homepage": "http://symfony.com/contributors"
                }
            ],
            "description": "Symfony Console Component",
            "homepage": "http://symfony.com",
            "time": "2013-03-01 06:43:14"
        },
        {
            "name": "zetacomponents/base",
            "version": "1.8",
            "source": {
                "type": "git",
                "url": "https://github.com/zetacomponents/Base.git",
                "reference": "1.8"
            },
            "dist": {
                "type": "zip",
                "url": "https://github.com/zetacomponents/Base/zipball/1.8",
                "reference": "1.8",
                "shasum": ""
            },
            "type": "library",
            "autoload": {
                "classmap": [
                    "src"
                ]
            },
            "notification-url": "https://packagist.org/downloads/",
            "license": [
                "apache2"
            ],
            "authors": [
                {
                    "name": "Sergey Alexeev"
                },
                {
                    "name": "Sebastian Bergmann"
                },
                {
                    "name": "Jan Borsodi"
                },
                {
                    "name": "Raymond Bosman"
                },
                {
                    "name": "Frederik Holljen"
                },
                {
                    "name": "Kore Nordmann"
                },
                {
                    "name": "Derick Rethans"
                },
                {
                    "name": "Vadym Savchuk"
                },
                {
                    "name": "Tobias Schlitt"
                },
                {
                    "name": "Alexandru Stanoi"
                }
            ],
            "description": "The Base package provides the basic infrastructure that all packages rely on. Therefore every component relies on this package.",
            "homepage": "https://github.com/zetacomponents",
            "time": "2009-12-21 04:14:16"
        },
        {
            "name": "zetacomponents/webdav",
            "version": "1.1.3",
            "source": {
                "type": "git",
                "url": "https://github.com/zetacomponents/Webdav.git",
                "reference": "1.1.3"
            },
            "dist": {
                "type": "zip",
                "url": "https://github.com/zetacomponents/Webdav/zipball/1.1.3",
                "reference": "1.1.3",
                "shasum": ""
            },
            "type": "library",
            "autoload": {
                "classmap": [
                    "src"
                ]
            },
            "notification-url": "https://packagist.org/downloads/",
            "license": [
                "apache2"
            ],
            "authors": [
                {
                    "name": "Sergey Alexeev"
                },
                {
                    "name": "Sebastian Bergmann"
                },
                {
                    "name": "Jan Borsodi"
                },
                {
                    "name": "Raymond Bosman"
                },
                {
                    "name": "Frederik Holljen"
                },
                {
                    "name": "Kore Nordmann"
                },
                {
                    "name": "Derick Rethans"
                },
                {
                    "name": "Vadym Savchuk"
                },
                {
                    "name": "Tobias Schlitt"
                },
                {
                    "name": "Alexandru Stanoi"
                }
            ],
            "description": "This component allows you to set up and run your own WebDAV (RFC 2518) server, to enable online content editing for the users of your system through the WebDAV HTTP extension.",
            "homepage": "https://github.com/zetacomponents",
            "time": "2009-11-09 05:34:07"
        }
    ],
    "packages-dev": [
        {
            "name": "mikey179/vfsStream",
            "version": "v1.1.0",
            "source": {
                "type": "git",
                "url": "https://github.com/mikey179/vfsStream",
                "reference": "v1.1.0"
            },
            "dist": {
                "type": "zip",
                "url": "https://github.com/mikey179/vfsStream/zipball/v1.1.0",
                "reference": "v1.1.0",
                "shasum": ""
            },
            "require": {
                "php": ">=5.3.0"
            },
            "type": "library",
            "autoload": {
                "psr-0": {
                    "org\\bovigo\\vfs": "src/main/php"
                }
            },
            "notification-url": "https://packagist.org/downloads/",
            "license": [
                "BSD"
            ],
            "homepage": "http://vfs.bovigo.org/",
            "time": "2012-08-25 05:49:29"
        }
    ],
    "aliases": [

    ],
    "minimum-stability": "stable",
    "stability-flags": {
        "jcapture-applet/jcapture-applet": 20,
        "jquery/jquery-s5": 20
    },
    "platform": [

    ],
    "platform-dev": [

    ]
}
