{
    "_readme": [
        "This file locks the dependencies of your project to a known state",
        "Read more about it at https://getcomposer.org/doc/01-basic-usage.md#composer-lock-the-lock-file",
        "This file is @generated automatically"
    ],
    "hash": "91999f056a6a7d6538dd4366f2b84984",
    "content-hash": "31d8630e180657cacc52efc5b348b99d",
    "packages": [
        {
            "name": "adodb/adodb",
            "version": "5.18",
            "dist": {
                "type": "zip",
                "url": "https://composer.tiki.org/dist/adodb-adodb-5.18.zip",
                "reference": null,
                "shasum": "5311e4dd79cd3e841ae55be98c3f6f876bc768a4"
            },
            "type": "library"
        },
        {
            "name": "afarkas/html5shiv",
            "version": "3.6.2",
            "dist": {
                "type": "zip",
                "url": "https://composer.tiki.org/dist/afarkas-html5shiv-3.6.2.zip",
                "reference": null,
                "shasum": "94f4637c4f81ace52623de18dcfc6124d42bdaba"
            },
            "type": "library"
        },
        {
            "name": "bombayworks/zendframework1",
            "version": "v1.12.3",
            "source": {
                "type": "git",
                "url": "https://github.com/bombayworks/zendframework1.git",
                "reference": "702edf6494c420c2066c694286e1a9ec07efee72"
            },
            "dist": {
                "type": "zip",
                "url": "https://composer.tiki.org/dist/bombayworks-zendframework1-702edf6494c420c2066c694286e1a9ec07efee72-zip-bd8739.zip",
                "reference": "702edf6494c420c2066c694286e1a9ec07efee72",
                "shasum": "cd3ab6ebbe1f683b646833648184a79a33d7590c"
            },
            "require": {
                "php": ">=5.2.11"
            },
            "bin": [
                "bin/zf.sh",
                "bin/zf.php"
            ],
            "type": "library",
            "extra": {
                "branch-alias": {
                    "dev-trunk": "1.12.x-dev",
                    "dev-release-1.0": "1.0.x-dev",
                    "dev-release-1.5": "1.5.x-dev",
                    "dev-release-1.6": "1.6.x-dev",
                    "dev-release-1.7": "1.7.x-dev",
                    "dev-release-1.8": "1.8.x-dev",
                    "dev-release-1.9": "1.9.x-dev",
                    "dev-release-1.10": "1.10.x-dev",
                    "dev-release-1.11": "1.11.x-dev"
                }
            },
            "autoload": {
                "psr-0": {
                    "Zend_": "library/",
                    "ZendX_": "extras/library/"
                }
            },
            "notification-url": "https://packagist.org/downloads/",
            "include-path": [
                "library/",
                "extras/library/"
            ],
            "license": [
                "BSD-3-Clause"
            ],
            "description": "Zend Framework 1",
            "homepage": "http://framework.zend.com/",
            "keywords": [
                "ZF1",
                "framework"
            ],
            "time": "2013-03-13 17:09:28"
        },
        {
            "name": "ckeditor/ckeditor",
            "version": "4.3.4",
            "source": {
                "type": "git",
                "url": "https://github.com/ckeditor/ckeditor-releases.git",
                "reference": "b39eebd5f865fe33e34e33db9a33512655e6e656"
            },
            "dist": {
                "type": "zip",
                "url": "https://composer.tiki.org/dist/ckeditor-ckeditor-b39eebd5f865fe33e34e33db9a33512655e6e656-zip-9e41c9.zip",
                "reference": "b39eebd5f865fe33e34e33db9a33512655e6e656",
                "shasum": "7396a021decd1e8550ed22b8ced8ba46fc62d67e"
            },
            "type": "library",
            "notification-url": "https://packagist.org/downloads/",
            "license": [
                "GPL-2.0+",
                "LGPL-2.1+",
                "MPL-1.1+"
            ],
            "authors": [
                {
                    "name": "CKSource - Frederico Knabben",
                    "homepage": "http://cksource.com"
                }
            ],
            "description": "JavaScript WYSIWYG web text editor.",
            "homepage": "http://ckeditor.com",
            "keywords": [
                "CKEditor",
                "editor",
                "fckeditor",
                "html",
                "javascript",
                "richtext",
                "text",
                "wysiwyg"
            ],
            "time": "2014-03-25 14:33:54"
        },
        {
            "name": "ckeditor/ckeditor/plugins/divarea",
            "version": "4.3.4",
            "dist": {
                "type": "zip",
                "url": "https://composer.tiki.org/dist/ckeditor-ckeditor-plugins-divarea-4.3.4.zip",
                "reference": null,
                "shasum": "68e130ae2d0ebdace6b3c466fb8c43b559c6ef5b"
            },
            "type": "library"
        },
        {
            "name": "ckeditor/ckeditor/skins/kama",
            "version": "4.3.4",
            "dist": {
                "type": "zip",
                "url": "https://composer.tiki.org/dist/ckeditor-ckeditor-skins-kama-4.3.4.zip",
                "reference": null,
                "shasum": "41076ce595183d73ab957424f97ecc097d83475f"
            },
            "type": "library"
        },
        {
            "name": "codemirror/codemirror",
            "version": "3.19.0",
            "dist": {
                "type": "zip",
                "url": "https://composer.tiki.org/dist/codemirror-codemirror-3.19.0.zip",
                "reference": null,
                "shasum": "8bc6704ab85d881d1ce5d2131c4f9581d3d1c884"
            },
            "type": "library"
        },
        {
            "name": "dompdf/dompdf",
            "version": "v0.6.1",
            "source": {
                "type": "git",
                "url": "https://github.com/dompdf/dompdf.git",
                "reference": "cf7d8a0a27270418850cc7d7ea532159e5eeb3eb"
            },
            "dist": {
                "type": "zip",
                "url": "https://composer.tiki.org/dist/dompdf-dompdf-cf7d8a0a27270418850cc7d7ea532159e5eeb3eb-zip-76f14c.zip",
                "reference": "cf7d8a0a27270418850cc7d7ea532159e5eeb3eb",
                "shasum": "44f3c1701e3c7aba0c6c8c065d593b6344e5040c"
            },
            "require": {
                "phenx/php-font-lib": "0.2.*"
            },
            "type": "library",
            "autoload": {
                "classmap": [
                    "include/"
                ]
            },
            "notification-url": "https://packagist.org/downloads/",
            "license": [
                "LGPL"
            ],
            "authors": [
                {
                    "name": "Fabien Ménager",
                    "email": "fabien.menager@gmail.com"
                },
                {
                    "name": "Brian Sweeney",
                    "email": "eclecticgeek@gmail.com"
                }
            ],
            "description": "DOMPDF is a CSS 2.1 compliant HTML to PDF converter",
            "homepage": "https://github.com/dompdf/dompdf",
            "time": "2014-03-11 01:59:52"
        },
        {
            "name": "ezyang/htmlpurifier",
            "version": "v4.6.0",
            "source": {
                "type": "git",
                "url": "https://github.com/ezyang/htmlpurifier.git",
                "reference": "6f389f0f25b90d0b495308efcfa073981177f0fd"
            },
            "dist": {
                "type": "zip",
                "url": "https://composer.tiki.org/dist/ezyang-htmlpurifier-6f389f0f25b90d0b495308efcfa073981177f0fd-zip-4891c9.zip",
                "reference": "6f389f0f25b90d0b495308efcfa073981177f0fd",
                "shasum": "6b558b7df0e2a9da298e998de92de51bc36cb447"
            },
            "require": {
                "php": ">=5.2"
            },
            "type": "library",
            "autoload": {
                "psr-0": {
                    "HTMLPurifier": "library/"
                },
                "files": [
                    "library/HTMLPurifier.composer.php"
                ]
            },
            "notification-url": "https://packagist.org/downloads/",
            "license": [
                "LGPL"
            ],
            "authors": [
                {
                    "name": "Edward Z. Yang",
                    "email": "admin@htmlpurifier.org",
                    "homepage": "http://ezyang.com"
                }
            ],
            "description": "Standards compliant HTML filter written in PHP",
            "homepage": "http://htmlpurifier.org/",
            "keywords": [
                "html"
            ],
            "time": "2013-11-30 08:25:19"
        },
        {
            "name": "jcapture-applet/jcapture-applet",
            "version": "dev-trunk",
            "source": {
                "type": "svn",
                "url": "http://svn.code.sf.net/p/jcapture-applet/code",
                "reference": "/trunk/@47"
            },
            "dist": {
                "type": "zip",
                "url": "https://composer.tiki.org/dist/jcapture-applet-jcapture-applet-dev-trunk-56537c.zip",
                "reference": "/trunk/@47",
                "shasum": "c4d805469564b110239e8841bcbea5c6dba4fb76"
            },
            "type": "library",
            "license": [
                "LGPL"
            ],
            "authors": [
                {
                    "name": "Pavel Vlasov",
                    "homepage": "http://www.hammurapi.com/"
                },
                {
                    "name": "Jonny Bradley",
                    "homepage": "http://tiki.org/UserPageJonnyBradley"
                },
                {
                    "name": "Marc Laporte",
                    "homepage": "http://marclaporte.com"
                }
            ],
            "description": "jCapture is an applet to capture screenshots or record audio/screen",
            "homepage": "http://sourceforge.net/p/jcapture-applet/",
            "keywords": [
                "applet",
                "java",
                "screencapture",
                "screenshot"
            ],
            "time": "2014-01-27 14:02:15"
        },
        {
            "name": "jquery/jquery",
            "version": "1.10.2",
            "dist": {
                "type": "zip",
                "url": "https://composer.tiki.org/dist/jquery-jquery-1.10.2.zip",
                "reference": null,
                "shasum": "3b7aa3760a0e37dc9983c66c4ce58603d90c65a1"
            },
            "type": "library"
        },
        {
            "name": "jquery/jquery-min",
            "version": "1.10.2",
            "dist": {
                "type": "zip",
                "url": "https://composer.tiki.org/dist/jquery-jquery-min-1.10.2.zip",
                "reference": null,
                "shasum": "9e8fb43455003babd302f7ab7ab5e8ea2f4d986c"
            },
            "type": "library"
        },
        {
            "name": "jquery/jquery-mobile",
            "version": "1.3.2",
            "dist": {
                "type": "zip",
                "url": "https://composer.tiki.org/dist/jquery-jquery-mobile-1.3.2.zip",
                "reference": null,
                "shasum": "261bf9db2e0e68fac9c7356166431017f5275959"
            },
            "type": "library"
        },
        {
            "name": "jquery/jquery-s5",
            "version": "1.0.1",
            "dist": {
                "type": "zip",
                "url": "https://composer.tiki.org/dist/jquery-jquery-s5-1.0.1.zip",
                "reference": null,
                "shasum": "abe9b6ec2b5a1f82b6d957e1a0d3a874fdf4de0a"
            },
            "type": "library"
        },
        {
            "name": "jquery/jquery-sheet",
            "version": "2.0.1",
            "dist": {
                "type": "zip",
                "url": "https://composer.tiki.org/dist/jquery-jquery-sheet-2.0.1.zip",
                "reference": null,
                "shasum": "c2a214296349389acd2e69cb7f825b7f9163cef1"
            },
            "type": "library"
        },
        {
            "name": "jquery/jquery-timepicker-addon",
            "version": "1.4",
            "dist": {
                "type": "zip",
                "url": "https://composer.tiki.org/dist/jquery-jquery-timepicker-addon-1.4.zip",
                "reference": null,
                "shasum": "653a534446a80cab9fd659a3a615eb051571afb8"
            },
            "type": "library"
        },
        {
            "name": "jquery/jquery-ui",
            "version": "1.10.3",
            "dist": {
                "type": "zip",
                "url": "https://composer.tiki.org/dist/jquery-jquery-ui-1.10.3.zip",
                "reference": null,
                "shasum": "654c01c77285a29fa80e97315be393e60c160d71"
            },
            "type": "library"
        },
        {
            "name": "jquery/jquery-ui-selectmenu",
            "version": "1.3.999",
            "dist": {
                "type": "zip",
                "url": "https://composer.tiki.org/dist/jquery-jquery-ui-selectmenu-1.3.999.zip",
                "reference": null,
                "shasum": "24c77ef2604a23bd63a3a2308abdeda5db9761b6"
            },
            "type": "library"
        },
        {
            "name": "jquery/jquery-ui-themes",
            "version": "1.10.3",
            "dist": {
                "type": "zip",
                "url": "https://composer.tiki.org/dist/jquery-jquery-ui-themes-1.10.3.zip",
                "reference": null,
                "shasum": "daaebae11bf2057e710b099af230e6d05cde3827"
            },
            "type": "library"
        },
        {
            "name": "jquery/jtrack",
            "version": "1.0",
            "dist": {
                "type": "zip",
                "url": "https://composer.tiki.org/dist/jquery-jtrack-1.0.zip",
                "reference": null,
                "shasum": "854c6786c003f8b10f773e89670d4b699e4aa985"
            },
            "type": "library"
        },
        {
            "name": "jquery/md5",
            "version": "1.1",
            "dist": {
                "type": "zip",
                "url": "https://composer.tiki.org/dist/jquery-md5-1.1.zip",
                "reference": null,
                "shasum": "0e0d8f9ef915a7537410905cb88f5a788c779f55"
            },
            "type": "library"
        },
        {
            "name": "jquery/minicart",
            "version": "2.6.1",
            "dist": {
                "type": "zip",
                "url": "https://composer.tiki.org/dist/jquery-minicart-2.6.1.zip",
                "reference": null,
                "shasum": "32a4b34606eeae28e5d22de41fe0e79bcf16377d"
            },
            "type": "library"
        },
        {
            "name": "jquery/photoswipe",
            "version": "3.0.5",
            "dist": {
                "type": "zip",
                "url": "https://composer.tiki.org/dist/jquery-photoswipe-3.0.5.zip",
                "reference": null,
                "shasum": "23c1cb6b3c9b3fb38580e5fac09a9ebbc7db7f01"
            },
            "type": "library"
        },
        {
            "name": "jquery/plugins/anythingslider",
            "version": "1.9.2",
            "dist": {
                "type": "zip",
                "url": "https://composer.tiki.org/problematic/AnythingSlider-v1.9.2.zip",
                "reference": null,
                "shasum": null
            },
            "type": "library"
        },
        {
            "name": "jquery/plugins/async",
            "version": "1.0",
            "dist": {
                "type": "zip",
                "url": "https://composer.tiki.org/dist/jquery-plugins-async-1.0.zip",
                "reference": null,
                "shasum": "4aac613092dfe2d8b53cdd300a4321815cfc53b5"
            },
            "type": "library"
        },
        {
            "name": "jquery/plugins/brosho",
            "version": "0.1",
            "dist": {
                "type": "zip",
                "url": "https://composer.tiki.org/dist/jquery-plugins-brosho-0.1.zip",
                "reference": null,
                "shasum": "2945b10b0aa8bdd5bcb351a9041738926d5d5fec"
            },
            "type": "library"
        },
        {
            "name": "jquery/plugins/chosen",
            "version": "1.0.0",
            "dist": {
                "type": "zip",
                "url": "https://composer.tiki.org/dist/jquery-plugins-chosen-1.0.0.zip",
                "reference": null,
                "shasum": "3071967265bb9f7df732a5b39bf48223d2c7b506"
            },
            "type": "library"
        },
        {
            "name": "jquery/plugins/cluetip",
            "version": "1.2.10",
            "dist": {
                "type": "zip",
                "url": "https://composer.tiki.org/dist/jquery-plugins-cluetip-1.2.10.zip",
                "reference": null,
                "shasum": "079f18ec12806cad812e1c3ffec8fbf6fb000e73"
            },
            "type": "library"
        },
        {
            "name": "jquery/plugins/colorbox",
            "version": "1.4.31",
            "dist": {
                "type": "zip",
                "url": "https://composer.tiki.org/dist/jquery-plugins-colorbox-1.4.31.zip",
                "reference": null,
                "shasum": "334bfcbdea8495179b6eb2821e1626f728f4e1f7"
            },
            "type": "library"
        },
        {
            "name": "jquery/plugins/colorpicker",
            "version": "0.5",
            "dist": {
                "type": "zip",
                "url": "https://composer.tiki.org/dist/jquery-plugins-colorpicker-0.5.zip",
                "reference": null,
                "shasum": "c06c6609a643829430a5508990fb4b97d45524c2"
            },
            "type": "library"
        },
        {
            "name": "jquery/plugins/form",
            "version": "3.25.0",
            "dist": {
                "type": "zip",
                "url": "https://composer.tiki.org/dist/jquery-plugins-form-3.25.0.zip",
                "reference": null,
                "shasum": "c169960272260eceb694a8dd7ea44654be0cc3c0"
            },
            "type": "library"
        },
        {
            "name": "jquery/plugins/galleriffic",
            "version": "2.0.1",
            "dist": {
                "type": "zip",
                "url": "https://composer.tiki.org/dist/jquery-plugins-galleriffic-2.0.1.zip",
                "reference": null,
                "shasum": "79d4a65b66a3716baaffa70f1d433ae4402f6ea5"
            },
            "type": "library"
        },
        {
            "name": "jquery/plugins/infinitecarousel",
            "version": "3.0.3",
            "dist": {
                "type": "zip",
                "url": "https://composer.tiki.org/dist/jquery-plugins-infinitecarousel-3.0.3.zip",
                "reference": null,
                "shasum": "53e1855ec72198283235864c47f2edfa49fbb28e"
            },
            "type": "library"
        },
        {
            "name": "jquery/plugins/jquery-json",
            "version": "2.4",
            "dist": {
                "type": "zip",
                "url": "https://composer.tiki.org/dist/jquery-plugins-jquery-json-2.4.zip",
                "reference": null,
                "shasum": "ed142a25a64a2f5d3df078d578727eb9793e0ecb"
            },
            "type": "library"
        },
        {
            "name": "jquery/plugins/jquery-validation",
            "version": "1.11.1",
            "dist": {
                "type": "zip",
                "url": "https://composer.tiki.org/dist/jquery-plugins-jquery-validation-1.11.1.zip",
                "reference": null,
                "shasum": "856a4851efa6dfccfacf16a41a924647f2470972"
            },
            "type": "library"
        },
        {
            "name": "jquery/plugins/media",
            "version": "0.98",
            "dist": {
                "type": "zip",
                "url": "https://composer.tiki.org/dist/jquery-plugins-media-0.98.zip",
                "reference": null,
                "shasum": "31dced89d078c0e0692f4fca23c8983fed41773e"
            },
            "type": "library"
        },
        {
            "name": "jquery/plugins/migrate",
            "version": "1.2.1",
            "dist": {
                "type": "zip",
                "url": "https://composer.tiki.org/dist/jquery-plugins-migrate-1.2.1.zip",
                "reference": null,
                "shasum": "7e6e6c89464580545a54baad670478d6764c3697"
            },
            "type": "library"
        },
        {
            "name": "jquery/plugins/migrate-min",
            "version": "1.2.1",
            "dist": {
                "type": "zip",
                "url": "https://composer.tiki.org/dist/jquery-plugins-migrate-min-1.2.1.zip",
                "reference": null,
                "shasum": "57e945a5ce63194bedea7d1384022343afbbb578"
            },
            "type": "library"
        },
        {
            "name": "jquery/plugins/nestedsortable",
            "version": "1.3.4",
            "dist": {
                "type": "zip",
                "url": "https://composer.tiki.org/dist/jquery-plugins-nestedsortable-1.3.4.zip",
                "reference": null,
                "shasum": "0c0a9d1142980258ee4a83852afd22e5019b862f"
            },
            "type": "library"
        },
        {
            "name": "jquery/plugins/pxem",
            "version": "0.1",
            "dist": {
                "type": "zip",
                "url": "https://composer.tiki.org/dist/jquery-plugins-pxem-0.1.zip",
                "reference": null,
                "shasum": "05e92be223c2f88fbd74ddd0e50205c73bdacb97"
            },
            "type": "library"
        },
        {
            "name": "jquery/plugins/reflection-jquery",
            "version": "1.1",
            "dist": {
                "type": "zip",
                "url": "https://composer.tiki.org/dist/jquery-plugins-reflection-jquery-1.1.zip",
                "reference": null,
                "shasum": "ec0a931444216193777f1367fe266223d5e28aac"
            },
            "type": "library"
        },
        {
            "name": "jquery/plugins/sparkline",
            "version": "2.1.1",
            "dist": {
                "type": "zip",
                "url": "https://composer.tiki.org/dist/jquery-plugins-sparkline-2.1.1.zip",
                "reference": null,
                "shasum": "b9adeadc2f5c102cae8a21227c9a991314a4201d"
            },
            "type": "library"
        },
        {
            "name": "jquery/plugins/superfish",
            "version": "1.7.4",
            "dist": {
                "type": "zip",
                "url": "https://composer.tiki.org/dist/jquery-plugins-superfish-1.7.4.zip",
                "reference": null,
                "shasum": "8d1afd41e5cf27a2b45d9f46ec88ccb26996f4ea"
            },
            "type": "library"
        },
        {
            "name": "jquery/plugins/tablesorter",
            "version": "2.14.4",
            "dist": {
                "type": "zip",
                "url": "https://composer.tiki.org/problematic/tablesorter-v2.14.4.zip",
                "reference": null,
                "shasum": null
            },
            "type": "library"
        },
        {
            "name": "jquery/plugins/treetable",
            "version": "3.0.2",
            "dist": {
                "type": "zip",
                "url": "https://composer.tiki.org/dist/jquery-plugins-treetable-3.0.2.zip",
                "reference": null,
                "shasum": "5ea9b0eda02b7612b06dc45ba8b2c70cde9486c9"
            },
            "type": "library"
        },
        {
            "name": "jquery/plugins/zoom",
            "version": "1.7.10",
            "dist": {
                "type": "zip",
                "url": "https://composer.tiki.org/dist/jquery-plugins-zoom-1.7.10.zip",
                "reference": null,
                "shasum": "b6d62b17c1b9cf3bf08587112ca75fea7c87dcdd"
            },
            "type": "library"
        },
        {
            "name": "phenx/php-font-lib",
            "version": "0.2.2",
            "source": {
                "type": "git",
                "url": "https://github.com/PhenX/php-font-lib.git",
                "reference": "c30c7fc00a6b0d863e9bb4c5d5dd015298b2dc82"
            },
            "dist": {
                "type": "zip",
                "url": "https://composer.tiki.org/dist/phenx-php-font-lib-c30c7fc00a6b0d863e9bb4c5d5dd015298b2dc82-zip-44e847.zip",
                "reference": "c30c7fc00a6b0d863e9bb4c5d5dd015298b2dc82",
                "shasum": "f193df990ae52932806cbdee2ad9a06990491483"
            },
            "type": "library",
            "autoload": {
                "classmap": [
                    "classes/"
                ]
            },
            "notification-url": "https://packagist.org/downloads/",
            "license": [
                "LGPL"
            ],
            "authors": [
                {
                    "name": "Fabien Ménager",
                    "email": "fabien.menager@gmail.com"
                }
            ],
            "description": "A library to read, parse, export and make subsets of different types of font files.",
            "homepage": "https://github.com/PhenX/php-font-lib",
            "time": "2014-02-01 15:22:28"
        },
        {
            "name": "phpcas/phpcas",
            "version": "1.3.2",
            "dist": {
                "type": "zip",
                "url": "https://composer.tiki.org/dist/phpcas-phpcas-1.3.2.zip",
                "reference": null,
                "shasum": "3b527fb3df0d7ec4816ba2c01a74afdc97cfa161"
            },
            "type": "library"
        },
        {
            "name": "phpseclib/phpseclib",
            "version": "0.3.1",
            "source": {
                "type": "git",
                "url": "https://github.com/phpseclib/phpseclib.git",
                "reference": "7e120a0f3073025d69ed9bcbe3374c54b802f897"
            },
            "dist": {
                "type": "zip",
                "url": "https://composer.tiki.org/dist/phpseclib-phpseclib-7e120a0f3073025d69ed9bcbe3374c54b802f897-zip-a49ecc.zip",
                "reference": "7e120a0f3073025d69ed9bcbe3374c54b802f897",
                "shasum": "4df28ab1893bab4258b25143c5ebd12767697905"
            },
            "require": {
                "php": ">=5.0.0"
            },
            "suggest": {
                "ext-gmp": "Install the GMP (GNU Multiple Precision) extension in order to speed up arbitrary precision integer arithmetic operations.",
                "ext-mcrypt": "Install the Mcrypt extension in order to speed up a wide variety of cryptographic operations.",
                "pear-pear/PHP_Compat": "Install PHP_Compat to get phpseclib working on PHP >= 4.3.3."
            },
            "type": "library",
            "autoload": {
                "psr-0": {
                    "Crypt": "phpseclib/",
                    "File": "phpseclib/",
                    "Math": "phpseclib/",
                    "Net": "phpseclib/"
                }
            },
            "notification-url": "https://packagist.org/downloads/",
            "include-path": [
                "phpseclib/"
            ],
            "license": [
                "MIT"
            ],
            "authors": [
                {
                    "name": "Jim Wigginton",
                    "email": "terrafrost@php.net",
                    "role": "Lead Developer"
                }
            ],
            "description": "PHP Secure Communications Library - Pure-PHP implementations of RSA, AES, SSH2, SFTP, X.509 etc.",
            "homepage": "http://phpseclib.sourceforge.net",
            "keywords": [
                "BigInteger",
                "aes",
                "asn.1",
                "asn1",
                "crypto",
                "cryptography",
                "encryption",
                "rsa",
                "security",
                "sftp",
                "signature",
                "signing",
                "ssh",
                "x.509",
                "x509"
            ],
            "time": "2012-11-20 03:10:22"
        },
        {
            "name": "player/flv",
            "version": "1.0",
            "dist": {
                "type": "zip",
                "url": "https://composer.tiki.org/dist/player-flv-1.0.zip",
                "reference": null,
                "shasum": "44c34eb301cf29b2ddc1820dbae1a570c7ddbd74"
            },
            "type": "library"
        },
        {
            "name": "player/mp3",
            "version": "1.0",
            "dist": {
                "type": "zip",
                "url": "https://composer.tiki.org/dist/player-mp3-1.0.zip",
                "reference": null,
                "shasum": "a56ac4687baf282f13e06e38f0d6bfd47f15f306"
            },
            "type": "library"
        },
        {
            "name": "rangy/rangy",
            "version": "1.2.3",
            "dist": {
                "type": "zip",
                "url": "https://composer.tiki.org/dist/rangy-rangy-1.2.3.zip",
                "reference": null,
                "shasum": "978fbde7322911b45c7d02b4e5b828fcb1b96740"
            },
            "type": "library"
        },
        {
            "name": "simile_timeline/simile_timeline",
            "version": "2.3.0",
            "dist": {
                "type": "zip",
                "url": "https://composer.tiki.org/dist/simile_timeline-simile_timeline-2.3.0.zip",
                "reference": null,
                "shasum": "36727b89e57e093e8bc199e35b94e0d7e60ed00c"
            },
            "type": "library"
        },
        {
            "name": "smarty/smarty",
            "version": "v3.1.14",
            "source": {
                "type": "git",
                "url": "https://github.com/smarty-php/smarty.git",
                "reference": "5ea2a50161a0ce2482222cd42467432fe7ab1baa"
            },
            "dist": {
                "type": "zip",
                "url": "https://composer.tiki.org/dist/smarty-smarty-5ea2a50161a0ce2482222cd42467432fe7ab1baa-zip-2f4bab.zip",
                "reference": "5ea2a50161a0ce2482222cd42467432fe7ab1baa",
                "shasum": "c1131355a542ebe3ec32ac95a4aa2aecb3819031"
            },
            "require": {
                "php": ">=5.2"
            },
            "type": "library",
            "extra": {
                "branch-alias": {
                    "dev-master": "3.1.x-dev"
                }
            },
            "autoload": {
                "classmap": [
                    "libs/Smarty.class.php",
                    "libs/SmartyBC.class.php",
                    "libs/sysplugins/smarty_security.php"
                ]
            },
            "notification-url": "https://packagist.org/downloads/",
            "license": [
                "LGPL-3.0"
            ],
            "authors": [
                {
                    "name": "Monte Ohrt",
                    "email": "monte@ohrt.com"
                },
                {
                    "name": "Uwe Tews",
                    "email": "uwe.tews@googlemail.com"
                },
                {
                    "name": "Rodney Rehm",
                    "email": "rodney.rehm@medialize.de"
                }
            ],
            "description": "Smarty - the compiling PHP template engine",
            "homepage": "http://www.smarty.net",
            "keywords": [
                "templating"
            ],
            "time": "2014-10-31 00:55:21"
        },
        {
            "name": "svg-edit/svg-edit",
            "version": "2.6",
            "dist": {
                "type": "zip",
                "url": "https://composer.tiki.org/dist/svg-edit-svg-edit-2.6.zip",
                "reference": null,
                "shasum": "073a5685737335d6dcb44ed46080241ed6716515"
            },
            "type": "library"
        },
        {
            "name": "symfony/console",
            "version": "v2.4.1",
            "target-dir": "Symfony/Component/Console",
            "source": {
                "type": "git",
                "url": "https://github.com/symfony/console.git",
                "reference": "4c1ed2ff514bd85ee186eebb010ccbdeeab05af7"
            },
            "dist": {
                "type": "zip",
                "url": "https://composer.tiki.org/dist/symfony-console-4c1ed2ff514bd85ee186eebb010ccbdeeab05af7-zip-04e417.zip",
                "reference": "4c1ed2ff514bd85ee186eebb010ccbdeeab05af7",
                "shasum": "c9e2576167db0e33c670997a7a0964e5a4ad16d1"
            },
            "require": {
                "php": ">=5.3.3"
            },
            "require-dev": {
                "symfony/event-dispatcher": "~2.1"
            },
            "suggest": {
                "symfony/event-dispatcher": ""
            },
            "type": "library",
            "extra": {
                "branch-alias": {
                    "dev-master": "2.4-dev"
                }
            },
            "autoload": {
                "psr-0": {
                    "Symfony\\Component\\Console\\": ""
                }
            },
            "notification-url": "https://packagist.org/downloads/",
            "license": [
                "MIT"
            ],
            "authors": [
                {
                    "name": "Symfony Community",
                    "homepage": "http://symfony.com/contributors"
                },
                {
                    "name": "Fabien Potencier",
                    "email": "fabien@symfony.com"
                }
            ],
            "description": "Symfony Console Component",
            "homepage": "http://symfony.com",
            "time": "2014-01-01 08:14:50"
        },
        {
            "name": "zetacomponents/base",
            "version": "1.8",
            "source": {
                "type": "git",
                "url": "https://github.com/zetacomponents/Base.git",
                "reference": "52ca69c1de55f3fa4f595779e5bc831da7ee176c"
            },
            "dist": {
                "type": "zip",
                "url": "https://composer.tiki.org/dist/zetacomponents-base-52ca69c1de55f3fa4f595779e5bc831da7ee176c-zip-36ef3e.zip",
                "reference": "52ca69c1de55f3fa4f595779e5bc831da7ee176c",
                "shasum": "09bd8c671de0cc8fc149891ff31915327b5ab018"
            },
            "type": "library",
            "autoload": {
                "classmap": [
                    "src"
                ]
            },
            "notification-url": "https://packagist.org/downloads/",
            "license": [
                "apache2"
            ],
            "authors": [
                {
                    "name": "Sergey Alexeev"
                },
                {
                    "name": "Sebastian Bergmann"
                },
                {
                    "name": "Jan Borsodi"
                },
                {
                    "name": "Raymond Bosman"
                },
                {
                    "name": "Frederik Holljen"
                },
                {
                    "name": "Kore Nordmann"
                },
                {
                    "name": "Derick Rethans"
                },
                {
                    "name": "Vadym Savchuk"
                },
                {
                    "name": "Tobias Schlitt"
                },
                {
                    "name": "Alexandru Stanoi"
                }
            ],
            "description": "The Base package provides the basic infrastructure that all packages rely on. Therefore every component relies on this package.",
            "homepage": "https://github.com/zetacomponents",
            "time": "2009-12-21 12:14:16"
        },
        {
            "name": "zetacomponents/webdav",
            "version": "1.1.3",
            "source": {
                "type": "git",
                "url": "https://github.com/zetacomponents/Webdav.git",
                "reference": "2057c2870cc735893520ce418bd080c1c9f0f72c"
            },
            "dist": {
                "type": "zip",
                "url": "https://composer.tiki.org/problematic/zetacomponents-Webdav-1.1.3-0-g2057c28.zip",
                "reference": "2057c2870cc735893520ce418bd080c1c9f0f72c",
                "shasum": ""
            },
            "type": "library",
            "autoload": {
                "classmap": [
                    "src"
                ]
            },
            "notification-url": "https://packagist.org/downloads/",
            "license": [
                "apache2"
            ],
            "authors": [
                {
                    "name": "Sergey Alexeev"
                },
                {
                    "name": "Sebastian Bergmann"
                },
                {
                    "name": "Jan Borsodi"
                },
                {
                    "name": "Raymond Bosman"
                },
                {
                    "name": "Frederik Holljen"
                },
                {
                    "name": "Kore Nordmann"
                },
                {
                    "name": "Derick Rethans"
                },
                {
                    "name": "Vadym Savchuk"
                },
                {
                    "name": "Tobias Schlitt"
                },
                {
                    "name": "Alexandru Stanoi"
                }
            ],
            "description": "This component allows you to set up and run your own WebDAV (RFC 2518) server, to enable online content editing for the users of your system through the WebDAV HTTP extension.",
            "homepage": "https://github.com/zetacomponents",
            "time": "2009-11-09 13:34:07"
        }
    ],
    "packages-dev": [
        {
            "name": "mikey179/vfsStream",
            "version": "v1.1.0",
            "source": {
                "type": "git",
                "url": "https://github.com/mikey179/vfsStream.git",
                "reference": "fc0fe8f4d0b527254a2dc45f0c265567c881d07e"
            },
            "dist": {
                "type": "zip",
                "url": "https://composer.tiki.org/dist/mikey179-vfsstream-fc0fe8f4d0b527254a2dc45f0c265567c881d07e-zip-a90953.zip",
                "reference": "fc0fe8f4d0b527254a2dc45f0c265567c881d07e",
                "shasum": "8eda639de7fa5ca5067a49bbc518ecd4b94ca934"
            },
            "require": {
                "php": ">=5.3.0"
            },
            "type": "library",
            "autoload": {
                "psr-0": {
                    "org\\bovigo\\vfs": "src/main/php"
                }
            },
            "notification-url": "https://packagist.org/downloads/",
            "license": [
                "BSD"
            ],
            "homepage": "http://vfs.bovigo.org/",
            "time": "2012-08-25 12:49:29"
        }
    ],
    "aliases": [],
    "minimum-stability": "stable",
    "stability-flags": {
        "jcapture-applet/jcapture-applet": 20
    },
    "prefer-stable": false,
    "prefer-lowest": false,
    "platform": [],
    "platform-dev": []
}
